
Microsoft Visual Studio Solution File, Format Version 12.00
# Visual Studio Version 16
VisualStudioVersion = 16.0.30114.105
MinimumVisualStudioVersion = 10.0.40219.1
Project("{9A19103F-16F7-4668-BE54-9A1E7A4F7556}") = "FileServer", "FileServer\FileServer.csproj", "{2BAC6668-90D6-42D6-ABAA-3EC814C20514}"
EndProject
Project("{9A19103F-16F7-4668-BE54-9A1E7A4F7556}") = "jasmine.crawler.file", "jasmine.crawler.file\jasmine.crawler.file.csproj", "{FB90D04B-5BBE-4B13-BB0A-AC8F5FE4B3B1}"
EndProject
Project("{FAE04EC0-301F-11D3-BF4B-00C04F79EFBC}") = "DataStore", "DataStore\DataStore.csproj", "{2CA84802-B6FD-4C6F-BCA0-5D471B4B3510}"
EndProject
Project("{FAE04EC0-301F-11D3-BF4B-00C04F79EFBC}") = "Jasmine.Crawl.Common", "Jasmine.Crawl.Common\Jasmine.Crawl.Common.csproj", "{5D63B21E-EC89-4B28-9A0E-D97F469CAFE5}"
EndProject
Global
	GlobalSection(SolutionConfigurationPlatforms) = preSolution
		Debug|Any CPU = Debug|Any CPU
		Release|Any CPU = Release|Any CPU
	EndGlobalSection
	GlobalSection(ProjectConfigurationPlatforms) = postSolution
		{2BAC6668-90D6-42D6-ABAA-3EC814C20514}.Debug|Any CPU.ActiveCfg = Debug|Any CPU
		{2BAC6668-90D6-42D6-ABAA-3EC814C20514}.Debug|Any CPU.Build.0 = Debug|Any CPU
		{2BAC6668-90D6-42D6-ABAA-3EC814C20514}.Release|Any CPU.ActiveCfg = Release|Any CPU
		{2BAC6668-90D6-42D6-ABAA-3EC814C20514}.Release|Any CPU.Build.0 = Release|Any CPU
		{FB90D04B-5BBE-4B13-BB0A-AC8F5FE4B3B1}.Debug|Any CPU.ActiveCfg = Debug|Any CPU
		{FB90D04B-5BBE-4B13-BB0A-AC8F5FE4B3B1}.Debug|Any CPU.Build.0 = Debug|Any CPU
		{FB90D04B-5BBE-4B13-BB0A-AC8F5FE4B3B1}.Release|Any CPU.ActiveCfg = Release|Any CPU
		{FB90D04B-5BBE-4B13-BB0A-AC8F5FE4B3B1}.Release|Any CPU.Build.0 = Release|Any CPU
		{2CA84802-B6FD-4C6F-BCA0-5D471B4B3510}.Debug|Any CPU.ActiveCfg = Debug|Any CPU
		{2CA84802-B6FD-4C6F-BCA0-5D471B4B3510}.Debug|Any CPU.Build.0 = Debug|Any CPU
		{2CA84802-B6FD-4C6F-BCA0-5D471B4B3510}.Release|Any CPU.ActiveCfg = Release|Any CPU
		{2CA84802-B6FD-4C6F-BCA0-5D471B4B3510}.Release|Any CPU.Build.0 = Release|Any CPU
		{5D63B21E-EC89-4B28-9A0E-D97F469CAFE5}.Debug|Any CPU.ActiveCfg = Debug|Any CPU
		{5D63B21E-EC89-4B28-9A0E-D97F469CAFE5}.Debug|Any CPU.Build.0 = Debug|Any CPU
		{5D63B21E-EC89-4B28-9A0E-D97F469CAFE5}.Release|Any CPU.ActiveCfg = Release|Any CPU
		{5D63B21E-EC89-4B28-9A0E-D97F469CAFE5}.Release|Any CPU.Build.0 = Release|Any CPU
	EndGlobalSection
	GlobalSection(SolutionProperties) = preSolution
		HideSolutionNode = FALSE
	EndGlobalSection
	GlobalSection(ExtensibilityGlobals) = postSolution
		SolutionGuid = {BE2DB543-4BCE-4DB8-B463-78B86EF03989}
	EndGlobalSection
EndGlobal
